
Microsoft Visual Studio Solution File, Format Version 12.00
# Visual Studio Version 16
VisualStudioVersion = 16.0.31624.102
MinimumVisualStudioVersion = 10.0.40219.1
Project("{9A19103F-16F7-4668-BE54-9A1E7A4F7556}") = "ServerApp", "ServerApp\ServerApp.csproj", "{0C0090DF-F39F-486F-AF07-356524C4A9CD}"
EndProject
Project("{9A19103F-16F7-4668-BE54-9A1E7A4F7556}") = "ClientApp", "ClientApp\ClientApp.csproj", "{DFBCEFAD-181D-4CB2-9462-816BC5F36C5F}"
EndProject
Project("{FAE04EC0-301F-11D3-BF4B-00C04F79EFBC}") = "ModelsLibrary", "ModelsLibrary\ModelsLibrary.csproj", "{5B2AFCB2-19BC-4E95-8175-C13D434A6241}"
EndProject
Global
	GlobalSection(SolutionConfigurationPlatforms) = preSolution
		Debug|Any CPU = Debug|Any CPU
		Release|Any CPU = Release|Any CPU
	EndGlobalSection
	GlobalSection(ProjectConfigurationPlatforms) = postSolution
		{0C0090DF-F39F-486F-AF07-356524C4A9CD}.Debug|Any CPU.ActiveCfg = Debug|Any CPU
		{0C0090DF-F39F-486F-AF07-356524C4A9CD}.Debug|Any CPU.Build.0 = Debug|Any CPU
		{0C0090DF-F39F-486F-AF07-356524C4A9CD}.Release|Any CPU.ActiveCfg = Release|Any CPU
		{0C0090DF-F39F-486F-AF07-356524C4A9CD}.Release|Any CPU.Build.0 = Release|Any CPU
		{DFBCEFAD-181D-4CB2-9462-816BC5F36C5F}.Debug|Any CPU.ActiveCfg = Debug|Any CPU
		{DFBCEFAD-181D-4CB2-9462-816BC5F36C5F}.Debug|Any CPU.Build.0 = Debug|Any CPU
		{DFBCEFAD-181D-4CB2-9462-816BC5F36C5F}.Release|Any CPU.ActiveCfg = Release|Any CPU
		{DFBCEFAD-181D-4CB2-9462-816BC5F36C5F}.Release|Any CPU.Build.0 = Release|Any CPU
		{5B2AFCB2-19BC-4E95-8175-C13D434A6241}.Debug|Any CPU.ActiveCfg = Debug|Any CPU
		{5B2AFCB2-19BC-4E95-8175-C13D434A6241}.Debug|Any CPU.Build.0 = Debug|Any CPU
		{5B2AFCB2-19BC-4E95-8175-C13D434A6241}.Release|Any CPU.ActiveCfg = Release|Any CPU
		{5B2AFCB2-19BC-4E95-8175-C13D434A6241}.Release|Any CPU.Build.0 = Release|Any CPU
	EndGlobalSection
	GlobalSection(SolutionProperties) = preSolution
		HideSolutionNode = FALSE
	EndGlobalSection
	GlobalSection(ExtensibilityGlobals) = postSolution
		SolutionGuid = {E1C47064-67BA-4800-BA1E-99FBDE11B2C5}
	EndGlobalSection
EndGlobal
